
Microsoft Visual Studio Solution File, Format Version 12.00
# Visual Studio Version 17
VisualStudioVersion = 17.4.33122.133
MinimumVisualStudioVersion = 10.0.40219.1
Project("{9A19103F-16F7-4668-BE54-9A1E7A4F7556}") = "Person", "Person\Person.csproj", "{9C983693-DBEC-4497-B741-3BB6CAD0C43B}"
EndProject
Project("{E53339B2-1760-4266-BCC7-CA923CBCF16C}") = "docker-compose", "docker-compose.dcproj", "{317170DF-97EB-4795-938C-20BF97985960}"
EndProject
Global
	GlobalSection(SolutionConfigurationPlatforms) = preSolution
		Debug|Any CPU = Debug|Any CPU
		Release|Any CPU = Release|Any CPU
	EndGlobalSection
	GlobalSection(ProjectConfigurationPlatforms) = postSolution
		{9C983693-DBEC-4497-B741-3BB6CAD0C43B}.Debug|Any CPU.ActiveCfg = Debug|Any CPU
		{9C983693-DBEC-4497-B741-3BB6CAD0C43B}.Debug|Any CPU.Build.0 = Debug|Any CPU
		{9C983693-DBEC-4497-B741-3BB6CAD0C43B}.Release|Any CPU.ActiveCfg = Release|Any CPU
		{9C983693-DBEC-4497-B741-3BB6CAD0C43B}.Release|Any CPU.Build.0 = Release|Any CPU
		{317170DF-97EB-4795-938C-20BF97985960}.Debug|Any CPU.ActiveCfg = Debug|Any CPU
		{317170DF-97EB-4795-938C-20BF97985960}.Debug|Any CPU.Build.0 = Debug|Any CPU
		{317170DF-97EB-4795-938C-20BF97985960}.Release|Any CPU.ActiveCfg = Release|Any CPU
		{317170DF-97EB-4795-938C-20BF97985960}.Release|Any CPU.Build.0 = Release|Any CPU
	EndGlobalSection
	GlobalSection(SolutionProperties) = preSolution
		HideSolutionNode = FALSE
	EndGlobalSection
	GlobalSection(ExtensibilityGlobals) = postSolution
		SolutionGuid = {05468115-82F4-4CCE-AF43-74D2BD7073BB}
	EndGlobalSection
EndGlobal
