
Microsoft Visual Studio Solution File, Format Version 12.00
# Visual Studio Version 17
VisualStudioVersion = 17.4.33122.133
MinimumVisualStudioVersion = 10.0.40219.1
Project("{FAE04EC0-301F-11D3-BF4B-00C04F79EFBC}") = "RateLimiter", "RateLimiter\RateLimiter.csproj", "{B6FCBC8E-B703-4616-82CA-1E447C8ECF4F}"
EndProject
Global
	GlobalSection(SolutionConfigurationPlatforms) = preSolution
		Debug|Any CPU = Debug|Any CPU
		Release|Any CPU = Release|Any CPU
	EndGlobalSection
	GlobalSection(ProjectConfigurationPlatforms) = postSolution
		{B6FCBC8E-B703-4616-82CA-1E447C8ECF4F}.Debug|Any CPU.ActiveCfg = Debug|Any CPU
		{B6FCBC8E-B703-4616-82CA-1E447C8ECF4F}.Debug|Any CPU.Build.0 = Debug|Any CPU
		{B6FCBC8E-B703-4616-82CA-1E447C8ECF4F}.Release|Any CPU.ActiveCfg = Release|Any CPU
		{B6FCBC8E-B703-4616-82CA-1E447C8ECF4F}.Release|Any CPU.Build.0 = Release|Any CPU
	EndGlobalSection
	GlobalSection(SolutionProperties) = preSolution
		HideSolutionNode = FALSE
	EndGlobalSection
	GlobalSection(ExtensibilityGlobals) = postSolution
		SolutionGuid = {2B2A4B2E-FFD0-4F2C-BD58-B61A57F7F2C2}
	EndGlobalSection
EndGlobal
