
Microsoft Visual Studio Solution File, Format Version 12.00
# Visual Studio Version 17
VisualStudioVersion = 17.4.33122.133
MinimumVisualStudioVersion = 10.0.40219.1
Project("{9A19103F-16F7-4668-BE54-9A1E7A4F7556}") = "AddressBook", "AddressBook\AddressBook.csproj", "{2D427ACD-AD18-410B-80FB-A82E35587B5A}"
EndProject
Project("{E53339B2-1760-4266-BCC7-CA923CBCF16C}") = "docker-compose", "docker-compose.dcproj", "{D5F5174A-F9FB-43A2-9897-01B98985168E}"
EndProject
Project("{FAE04EC0-301F-11D3-BF4B-00C04F79EFBC}") = "Queries", "Queries\Queries.csproj", "{EA23B0C0-E9FA-4547-857C-2F228DD87F44}"
EndProject
Project("{FAE04EC0-301F-11D3-BF4B-00C04F79EFBC}") = "Data", "Data\Data.csproj", "{EA51F287-0228-4B27-890C-9826150C4132}"
EndProject
Project("{FAE04EC0-301F-11D3-BF4B-00C04F79EFBC}") = "Entities", "Entities\Entities.csproj", "{FEDECD7F-8DE5-4035-AEEA-C101F2D53102}"
EndProject
Project("{FAE04EC0-301F-11D3-BF4B-00C04F79EFBC}") = "Common", "Common\Common.csproj", "{A70B293D-F7B3-4720-BCF8-64785B485934}"
EndProject
Project("{FAE04EC0-301F-11D3-BF4B-00C04F79EFBC}") = "Dtos", "Dtos\Dtos.csproj", "{26B07D9F-8FFD-4603-8546-43F7B39B3537}"
EndProject
Project("{FAE04EC0-301F-11D3-BF4B-00C04F79EFBC}") = "Services", "Services\Services.csproj", "{1815E9ED-8BE7-4742-A1EF-470F44EDD7D6}"
EndProject
Global
	GlobalSection(SolutionConfigurationPlatforms) = preSolution
		Debug|Any CPU = Debug|Any CPU
		Release|Any CPU = Release|Any CPU
	EndGlobalSection
	GlobalSection(ProjectConfigurationPlatforms) = postSolution
		{2D427ACD-AD18-410B-80FB-A82E35587B5A}.Debug|Any CPU.ActiveCfg = Debug|Any CPU
		{2D427ACD-AD18-410B-80FB-A82E35587B5A}.Debug|Any CPU.Build.0 = Debug|Any CPU
		{2D427ACD-AD18-410B-80FB-A82E35587B5A}.Release|Any CPU.ActiveCfg = Release|Any CPU
		{2D427ACD-AD18-410B-80FB-A82E35587B5A}.Release|Any CPU.Build.0 = Release|Any CPU
		{D5F5174A-F9FB-43A2-9897-01B98985168E}.Debug|Any CPU.ActiveCfg = Debug|Any CPU
		{D5F5174A-F9FB-43A2-9897-01B98985168E}.Debug|Any CPU.Build.0 = Debug|Any CPU
		{D5F5174A-F9FB-43A2-9897-01B98985168E}.Release|Any CPU.ActiveCfg = Release|Any CPU
		{D5F5174A-F9FB-43A2-9897-01B98985168E}.Release|Any CPU.Build.0 = Release|Any CPU
		{EA23B0C0-E9FA-4547-857C-2F228DD87F44}.Debug|Any CPU.ActiveCfg = Debug|Any CPU
		{EA23B0C0-E9FA-4547-857C-2F228DD87F44}.Debug|Any CPU.Build.0 = Debug|Any CPU
		{EA23B0C0-E9FA-4547-857C-2F228DD87F44}.Release|Any CPU.ActiveCfg = Release|Any CPU
		{EA23B0C0-E9FA-4547-857C-2F228DD87F44}.Release|Any CPU.Build.0 = Release|Any CPU
		{EA51F287-0228-4B27-890C-9826150C4132}.Debug|Any CPU.ActiveCfg = Debug|Any CPU
		{EA51F287-0228-4B27-890C-9826150C4132}.Debug|Any CPU.Build.0 = Debug|Any CPU
		{EA51F287-0228-4B27-890C-9826150C4132}.Release|Any CPU.ActiveCfg = Release|Any CPU
		{EA51F287-0228-4B27-890C-9826150C4132}.Release|Any CPU.Build.0 = Release|Any CPU
		{FEDECD7F-8DE5-4035-AEEA-C101F2D53102}.Debug|Any CPU.ActiveCfg = Debug|Any CPU
		{FEDECD7F-8DE5-4035-AEEA-C101F2D53102}.Debug|Any CPU.Build.0 = Debug|Any CPU
		{FEDECD7F-8DE5-4035-AEEA-C101F2D53102}.Release|Any CPU.ActiveCfg = Release|Any CPU
		{FEDECD7F-8DE5-4035-AEEA-C101F2D53102}.Release|Any CPU.Build.0 = Release|Any CPU
		{A70B293D-F7B3-4720-BCF8-64785B485934}.Debug|Any CPU.ActiveCfg = Debug|Any CPU
		{A70B293D-F7B3-4720-BCF8-64785B485934}.Debug|Any CPU.Build.0 = Debug|Any CPU
		{A70B293D-F7B3-4720-BCF8-64785B485934}.Release|Any CPU.ActiveCfg = Release|Any CPU
		{A70B293D-F7B3-4720-BCF8-64785B485934}.Release|Any CPU.Build.0 = Release|Any CPU
		{26B07D9F-8FFD-4603-8546-43F7B39B3537}.Debug|Any CPU.ActiveCfg = Debug|Any CPU
		{26B07D9F-8FFD-4603-8546-43F7B39B3537}.Debug|Any CPU.Build.0 = Debug|Any CPU
		{26B07D9F-8FFD-4603-8546-43F7B39B3537}.Release|Any CPU.ActiveCfg = Release|Any CPU
		{26B07D9F-8FFD-4603-8546-43F7B39B3537}.Release|Any CPU.Build.0 = Release|Any CPU
		{1815E9ED-8BE7-4742-A1EF-470F44EDD7D6}.Debug|Any CPU.ActiveCfg = Debug|Any CPU
		{1815E9ED-8BE7-4742-A1EF-470F44EDD7D6}.Debug|Any CPU.Build.0 = Debug|Any CPU
		{1815E9ED-8BE7-4742-A1EF-470F44EDD7D6}.Release|Any CPU.ActiveCfg = Release|Any CPU
		{1815E9ED-8BE7-4742-A1EF-470F44EDD7D6}.Release|Any CPU.Build.0 = Release|Any CPU
	EndGlobalSection
	GlobalSection(SolutionProperties) = preSolution
		HideSolutionNode = FALSE
	EndGlobalSection
	GlobalSection(ExtensibilityGlobals) = postSolution
		SolutionGuid = {BDF2CD03-D717-410F-8D13-DB038F445A0D}
	EndGlobalSection
EndGlobal
